// !$*UTF8*$!
{
	archiveVersion = 1;
	classes = {
	};
	objectVersion = 56;
	objects = {

/* Begin PBXBuildFile section */
		CA5C85D82B5A59630020898C /* CalculatorView.swift in Sources */ = {isa = PBXBuildFile; fileRef = CA5C85D72B5A59630020898C /* CalculatorView.swift */; };
		CA6EB0962B5A61B90001045A /* ViewController.swift in Sources */ = {isa = PBXBuildFile; fileRef = CA6EB0952B5A61B90001045A /* ViewController.swift */; };
		CA6EB09A2B5A64E50001045A /* UIViewController+Extension.swift in Sources */ = {isa = PBXBuildFile; fileRef = CA6EB0992B5A64E50001045A /* UIViewController+Extension.swift */; };
		CA6EB09C2B5A68500001045A /* ButtonView.swift in Sources */ = {isa = PBXBuildFile; fileRef = CA6EB09B2B5A68500001045A /* ButtonView.swift */; };
		CA6EB09E2B5A68730001045A /* ResultView.swift in Sources */ = {isa = PBXBuildFile; fileRef = CA6EB09D2B5A68730001045A /* ResultView.swift */; };
		CA9231042B5633CC007689D4 /* AppDelegate.swift in Sources */ = {isa = PBXBuildFile; fileRef = CA9231032B5633CC007689D4 /* AppDelegate.swift */; };
		CA92310B2B5633CC007689D4 /* Main.storyboard in Resources */ = {isa = PBXBuildFile; fileRef = CA9231092B5633CC007689D4 /* Main.storyboard */; };
		CA92310D2B5633CD007689D4 /* Assets.xcassets in Resources */ = {isa = PBXBuildFile; fileRef = CA92310C2B5633CD007689D4 /* Assets.xcassets */; };
		CA9231102B5633CD007689D4 /* LaunchScreen.storyboard in Resources */ = {isa = PBXBuildFile; fileRef = CA92310E2B5633CD007689D4 /* LaunchScreen.storyboard */; };
		CA92311B2B5633CE007689D4 /* CalculatorTests.swift in Sources */ = {isa = PBXBuildFile; fileRef = CA92311A2B5633CE007689D4 /* CalculatorTests.swift */; };
		CA9231252B5633CE007689D4 /* CalculatorUITests.swift in Sources */ = {isa = PBXBuildFile; fileRef = CA9231242B5633CE007689D4 /* CalculatorUITests.swift */; };
		CA9231272B5633CE007689D4 /* CalculatorUITestsLaunchTests.swift in Sources */ = {isa = PBXBuildFile; fileRef = CA9231262B5633CE007689D4 /* CalculatorUITestsLaunchTests.swift */; };
		CA9231372B564273007689D4 /* CalculatorButton.swift in Sources */ = {isa = PBXBuildFile; fileRef = CA9231352B564273007689D4 /* CalculatorButton.swift */; };
		CA9231402B566502007689D4 /* HorizontalColumn.swift in Sources */ = {isa = PBXBuildFile; fileRef = CA92313F2B566502007689D4 /* HorizontalColumn.swift */; };
		CA9231422B566512007689D4 /* HorizontalColumn.xib in Resources */ = {isa = PBXBuildFile; fileRef = CA9231412B566512007689D4 /* HorizontalColumn.xib */; };
		CA9231482B566CF5007689D4 /* ViewControllerDelegate.swift in Sources */ = {isa = PBXBuildFile; fileRef = CA9231472B566CF5007689D4 /* ViewControllerDelegate.swift */; };
		CA92314B2B5672D7007689D4 /* Calculator.swift in Sources */ = {isa = PBXBuildFile; fileRef = CA92314A2B5672D7007689D4 /* Calculator.swift */; };
		CA9231502B593214007689D4 /* Formatter+Decimal+Extension.swift in Sources */ = {isa = PBXBuildFile; fileRef = CA92314F2B593214007689D4 /* Formatter+Decimal+Extension.swift */; };
		E4958EB32B5D0E19005A990C /* CalculatorViewController.swift in Sources */ = {isa = PBXBuildFile; fileRef = E4958EB22B5D0E19005A990C /* CalculatorViewController.swift */; };
		E4958EB52B5D1070005A990C /* UIView+Extension.swift in Sources */ = {isa = PBXBuildFile; fileRef = E4958EB42B5D1070005A990C /* UIView+Extension.swift */; };
		E4958EB72B5D118A005A990C /* FlexLayout.swift in Sources */ = {isa = PBXBuildFile; fileRef = E4958EB62B5D118A005A990C /* FlexLayout.swift */; };
		E4958EB92B5D5844005A990C /* NSLayoutConstraint+Extension.swift in Sources */ = {isa = PBXBuildFile; fileRef = E4958EB82B5D5844005A990C /* NSLayoutConstraint+Extension.swift */; };
		E4958EBB2B5D67B2005A990C /* ButtonRowView.swift in Sources */ = {isa = PBXBuildFile; fileRef = E4958EBA2B5D67B2005A990C /* ButtonRowView.swift */; };
		E4958EBD2B5D8909005A990C /* UIColor+Extension.swift in Sources */ = {isa = PBXBuildFile; fileRef = E4958EBC2B5D8909005A990C /* UIColor+Extension.swift */; };
/* End PBXBuildFile section */

/* Begin PBXContainerItemProxy section */
		CA9231172B5633CE007689D4 /* PBXContainerItemProxy */ = {
			isa = PBXContainerItemProxy;
			containerPortal = CA9230F82B5633CC007689D4 /* Project object */;
			proxyType = 1;
			remoteGlobalIDString = CA9230FF2B5633CC007689D4;
			remoteInfo = Calculator;
		};
		CA9231212B5633CE007689D4 /* PBXContainerItemProxy */ = {
			isa = PBXContainerItemProxy;
			containerPortal = CA9230F82B5633CC007689D4 /* Project object */;
			proxyType = 1;
			remoteGlobalIDString = CA9230FF2B5633CC007689D4;
			remoteInfo = Calculator;
		};
/* End PBXContainerItemProxy section */

/* Begin PBXFileReference section */
		CA5C85D72B5A59630020898C /* CalculatorView.swift */ = {isa = PBXFileReference; lastKnownFileType = sourcecode.swift; path = CalculatorView.swift; sourceTree = "<group>"; };
		CA6EB0952B5A61B90001045A /* ViewController.swift */ = {isa = PBXFileReference; lastKnownFileType = sourcecode.swift; path = ViewController.swift; sourceTree = "<group>"; };
		CA6EB0992B5A64E50001045A /* UIViewController+Extension.swift */ = {isa = PBXFileReference; lastKnownFileType = sourcecode.swift; path = "UIViewController+Extension.swift"; sourceTree = "<group>"; };
		CA6EB09B2B5A68500001045A /* ButtonView.swift */ = {isa = PBXFileReference; lastKnownFileType = sourcecode.swift; path = ButtonView.swift; sourceTree = "<group>"; };
		CA6EB09D2B5A68730001045A /* ResultView.swift */ = {isa = PBXFileReference; lastKnownFileType = sourcecode.swift; path = ResultView.swift; sourceTree = "<group>"; };
		CA9231002B5633CC007689D4 /* Calculator.app */ = {isa = PBXFileReference; explicitFileType = wrapper.application; includeInIndex = 0; path = Calculator.app; sourceTree = BUILT_PRODUCTS_DIR; };
		CA9231032B5633CC007689D4 /* AppDelegate.swift */ = {isa = PBXFileReference; lastKnownFileType = sourcecode.swift; path = AppDelegate.swift; sourceTree = "<group>"; };
		CA92310A2B5633CC007689D4 /* Base */ = {isa = PBXFileReference; lastKnownFileType = file.storyboard; name = Base; path = Base.lproj/Main.storyboard; sourceTree = "<group>"; };
		CA92310C2B5633CD007689D4 /* Assets.xcassets */ = {isa = PBXFileReference; lastKnownFileType = folder.assetcatalog; path = Assets.xcassets; sourceTree = "<group>"; };
		CA92310F2B5633CD007689D4 /* Base */ = {isa = PBXFileReference; lastKnownFileType = file.storyboard; name = Base; path = Base.lproj/LaunchScreen.storyboard; sourceTree = "<group>"; };
		CA9231112B5633CD007689D4 /* Info.plist */ = {isa = PBXFileReference; lastKnownFileType = text.plist.xml; path = Info.plist; sourceTree = "<group>"; };
		CA9231162B5633CE007689D4 /* CalculatorTests.xctest */ = {isa = PBXFileReference; explicitFileType = wrapper.cfbundle; includeInIndex = 0; path = CalculatorTests.xctest; sourceTree = BUILT_PRODUCTS_DIR; };
		CA92311A2B5633CE007689D4 /* CalculatorTests.swift */ = {isa = PBXFileReference; lastKnownFileType = sourcecode.swift; path = CalculatorTests.swift; sourceTree = "<group>"; };
		CA9231202B5633CE007689D4 /* CalculatorUITests.xctest */ = {isa = PBXFileReference; explicitFileType = wrapper.cfbundle; includeInIndex = 0; path = CalculatorUITests.xctest; sourceTree = BUILT_PRODUCTS_DIR; };
		CA9231242B5633CE007689D4 /* CalculatorUITests.swift */ = {isa = PBXFileReference; lastKnownFileType = sourcecode.swift; path = CalculatorUITests.swift; sourceTree = "<group>"; };
		CA9231262B5633CE007689D4 /* CalculatorUITestsLaunchTests.swift */ = {isa = PBXFileReference; lastKnownFileType = sourcecode.swift; path = CalculatorUITestsLaunchTests.swift; sourceTree = "<group>"; };
		CA9231352B564273007689D4 /* CalculatorButton.swift */ = {isa = PBXFileReference; lastKnownFileType = sourcecode.swift; path = CalculatorButton.swift; sourceTree = "<group>"; };
		CA92313F2B566502007689D4 /* HorizontalColumn.swift */ = {isa = PBXFileReference; lastKnownFileType = sourcecode.swift; path = HorizontalColumn.swift; sourceTree = "<group>"; };
		CA9231412B566512007689D4 /* HorizontalColumn.xib */ = {isa = PBXFileReference; lastKnownFileType = file.xib; path = HorizontalColumn.xib; sourceTree = "<group>"; };
		CA9231472B566CF5007689D4 /* ViewControllerDelegate.swift */ = {isa = PBXFileReference; lastKnownFileType = sourcecode.swift; path = ViewControllerDelegate.swift; sourceTree = "<group>"; };
		CA92314A2B5672D7007689D4 /* Calculator.swift */ = {isa = PBXFileReference; lastKnownFileType = sourcecode.swift; path = Calculator.swift; sourceTree = "<group>"; };
		CA92314F2B593214007689D4 /* Formatter+Decimal+Extension.swift */ = {isa = PBXFileReference; lastKnownFileType = sourcecode.swift; path = "Formatter+Decimal+Extension.swift"; sourceTree = "<group>"; };
		E4958EB22B5D0E19005A990C /* CalculatorViewController.swift */ = {isa = PBXFileReference; lastKnownFileType = sourcecode.swift; path = CalculatorViewController.swift; sourceTree = "<group>"; };
		E4958EB42B5D1070005A990C /* UIView+Extension.swift */ = {isa = PBXFileReference; lastKnownFileType = sourcecode.swift; path = "UIView+Extension.swift"; sourceTree = "<group>"; };
		E4958EB62B5D118A005A990C /* FlexLayout.swift */ = {isa = PBXFileReference; lastKnownFileType = sourcecode.swift; path = FlexLayout.swift; sourceTree = "<group>"; };
		E4958EB82B5D5844005A990C /* NSLayoutConstraint+Extension.swift */ = {isa = PBXFileReference; lastKnownFileType = sourcecode.swift; path = "NSLayoutConstraint+Extension.swift"; sourceTree = "<group>"; };
		E4958EBA2B5D67B2005A990C /* ButtonRowView.swift */ = {isa = PBXFileReference; lastKnownFileType = sourcecode.swift; path = ButtonRowView.swift; sourceTree = "<group>"; };
		E4958EBC2B5D8909005A990C /* UIColor+Extension.swift */ = {isa = PBXFileReference; lastKnownFileType = sourcecode.swift; path = "UIColor+Extension.swift"; sourceTree = "<group>"; };
/* End PBXFileReference section */

/* Begin PBXFrameworksBuildPhase section */
		CA9230FD2B5633CC007689D4 /* Frameworks */ = {
			isa = PBXFrameworksBuildPhase;
			buildActionMask = 2147483647;
			files = (
			);
			runOnlyForDeploymentPostprocessing = 0;
		};
		CA9231132B5633CE007689D4 /* Frameworks */ = {
			isa = PBXFrameworksBuildPhase;
			buildActionMask = 2147483647;
			files = (
			);
			runOnlyForDeploymentPostprocessing = 0;
		};
		CA92311D2B5633CE007689D4 /* Frameworks */ = {
			isa = PBXFrameworksBuildPhase;
			buildActionMask = 2147483647;
			files = (
			);
			runOnlyForDeploymentPostprocessing = 0;
		};
/* End PBXFrameworksBuildPhase section */

/* Begin PBXGroup section */
		CA5C85D52B5A59140020898C /* View */ = {
			isa = PBXGroup;
			children = (
				CA5C85D72B5A59630020898C /* CalculatorView.swift */,
				CA6EB09B2B5A68500001045A /* ButtonView.swift */,
				CA6EB09D2B5A68730001045A /* ResultView.swift */,
				E4958EBA2B5D67B2005A990C /* ButtonRowView.swift */,
			);
			path = View;
			sourceTree = "<group>";
		};
		CA5C85D62B5A591A0020898C /* Supporting */ = {
			isa = PBXGroup;
			children = (
				CA92314E2B593208007689D4 /* Extensions */,
				CA9231032B5633CC007689D4 /* AppDelegate.swift */,
				E4958EB62B5D118A005A990C /* FlexLayout.swift */,
			);
			path = Supporting;
			sourceTree = "<group>";
		};
		CA9230F72B5633CC007689D4 = {
			isa = PBXGroup;
			children = (
				CA9231022B5633CC007689D4 /* Calculator */,
				CA9231192B5633CE007689D4 /* CalculatorTests */,
				CA9231232B5633CE007689D4 /* CalculatorUITests */,
				CA9231012B5633CC007689D4 /* Products */,
			);
			sourceTree = "<group>";
		};
		CA9231012B5633CC007689D4 /* Products */ = {
			isa = PBXGroup;
			children = (
				CA9231002B5633CC007689D4 /* Calculator.app */,
				CA9231162B5633CE007689D4 /* CalculatorTests.xctest */,
				CA9231202B5633CE007689D4 /* CalculatorUITests.xctest */,
			);
			name = Products;
			sourceTree = "<group>";
		};
		CA9231022B5633CC007689D4 /* Calculator */ = {
			isa = PBXGroup;
			children = (
				CA5C85D62B5A591A0020898C /* Supporting */,
				CA5C85D52B5A59140020898C /* View */,
				CA9231332B563616007689D4 /* ViewModel */,
				CA9231492B5672CB007689D4 /* Model */,
				CA9231092B5633CC007689D4 /* Main.storyboard */,
				CA6EB0952B5A61B90001045A /* ViewController.swift */,
				CA9231472B566CF5007689D4 /* ViewControllerDelegate.swift */,
				CA92310E2B5633CD007689D4 /* LaunchScreen.storyboard */,
				CA92310C2B5633CD007689D4 /* Assets.xcassets */,
				CA9231112B5633CD007689D4 /* Info.plist */,
				E4958EB22B5D0E19005A990C /* CalculatorViewController.swift */,
			);
			path = Calculator;
			sourceTree = "<group>";
		};
		CA9231192B5633CE007689D4 /* CalculatorTests */ = {
			isa = PBXGroup;
			children = (
				CA92311A2B5633CE007689D4 /* CalculatorTests.swift */,
			);
			path = CalculatorTests;
			sourceTree = "<group>";
		};
		CA9231232B5633CE007689D4 /* CalculatorUITests */ = {
			isa = PBXGroup;
			children = (
				CA9231242B5633CE007689D4 /* CalculatorUITests.swift */,
				CA9231262B5633CE007689D4 /* CalculatorUITestsLaunchTests.swift */,
			);
			path = CalculatorUITests;
			sourceTree = "<group>";
		};
		CA9231332B563616007689D4 /* ViewModel */ = {
			isa = PBXGroup;
			children = (
				CA9231352B564273007689D4 /* CalculatorButton.swift */,
				CA92313D2B56647B007689D4 /* HorizontalColumn */,
			);
			path = ViewModel;
			sourceTree = "<group>";
		};
		CA92313D2B56647B007689D4 /* HorizontalColumn */ = {
			isa = PBXGroup;
			children = (
				CA92313F2B566502007689D4 /* HorizontalColumn.swift */,
				CA9231412B566512007689D4 /* HorizontalColumn.xib */,
			);
			path = HorizontalColumn;
			sourceTree = "<group>";
		};
		CA9231492B5672CB007689D4 /* Model */ = {
			isa = PBXGroup;
			children = (
				CA92314A2B5672D7007689D4 /* Calculator.swift */,
			);
			path = Model;
			sourceTree = "<group>";
		};
		CA92314E2B593208007689D4 /* Extensions */ = {
			isa = PBXGroup;
			children = (
				CA92314F2B593214007689D4 /* Formatter+Decimal+Extension.swift */,
				CA6EB0992B5A64E50001045A /* UIViewController+Extension.swift */,
				E4958EB42B5D1070005A990C /* UIView+Extension.swift */,
				E4958EB82B5D5844005A990C /* NSLayoutConstraint+Extension.swift */,
				E4958EBC2B5D8909005A990C /* UIColor+Extension.swift */,
			);
			path = Extensions;
			sourceTree = "<group>";
		};
/* End PBXGroup section */

/* Begin PBXNativeTarget section */
		CA9230FF2B5633CC007689D4 /* Calculator */ = {
			isa = PBXNativeTarget;
			buildConfigurationList = CA92312A2B5633CE007689D4 /* Build configuration list for PBXNativeTarget "Calculator" */;
			buildPhases = (
				CA9230FC2B5633CC007689D4 /* Sources */,
				CA9230FD2B5633CC007689D4 /* Frameworks */,
				CA9230FE2B5633CC007689D4 /* Resources */,
			);
			buildRules = (
			);
			dependencies = (
			);
			name = Calculator;
			productName = Calculator;
			productReference = CA9231002B5633CC007689D4 /* Calculator.app */;
			productType = "com.apple.product-type.application";
		};
		CA9231152B5633CE007689D4 /* CalculatorTests */ = {
			isa = PBXNativeTarget;
			buildConfigurationList = CA92312D2B5633CE007689D4 /* Build configuration list for PBXNativeTarget "CalculatorTests" */;
			buildPhases = (
				CA9231122B5633CE007689D4 /* Sources */,
				CA9231132B5633CE007689D4 /* Frameworks */,
				CA9231142B5633CE007689D4 /* Resources */,
			);
			buildRules = (
			);
			dependencies = (
				CA9231182B5633CE007689D4 /* PBXTargetDependency */,
			);
			name = CalculatorTests;
			productName = CalculatorTests;
			productReference = CA9231162B5633CE007689D4 /* CalculatorTests.xctest */;
			productType = "com.apple.product-type.bundle.unit-test";
		};
		CA92311F2B5633CE007689D4 /* CalculatorUITests */ = {
			isa = PBXNativeTarget;
			buildConfigurationList = CA9231302B5633CE007689D4 /* Build configuration list for PBXNativeTarget "CalculatorUITests" */;
			buildPhases = (
				CA92311C2B5633CE007689D4 /* Sources */,
				CA92311D2B5633CE007689D4 /* Frameworks */,
				CA92311E2B5633CE007689D4 /* Resources */,
			);
			buildRules = (
			);
			dependencies = (
				CA9231222B5633CE007689D4 /* PBXTargetDependency */,
			);
			name = CalculatorUITests;
			productName = CalculatorUITests;
			productReference = CA9231202B5633CE007689D4 /* CalculatorUITests.xctest */;
			productType = "com.apple.product-type.bundle.ui-testing";
		};
/* End PBXNativeTarget section */

/* Begin PBXProject section */
		CA9230F82B5633CC007689D4 /* Project object */ = {
			isa = PBXProject;
			attributes = {
				BuildIndependentTargetsInParallel = 1;
				LastSwiftUpdateCheck = 1520;
				LastUpgradeCheck = 1520;
				TargetAttributes = {
					CA9230FF2B5633CC007689D4 = {
						CreatedOnToolsVersion = 15.2;
					};
					CA9231152B5633CE007689D4 = {
						CreatedOnToolsVersion = 15.2;
						TestTargetID = CA9230FF2B5633CC007689D4;
					};
					CA92311F2B5633CE007689D4 = {
						CreatedOnToolsVersion = 15.2;
						TestTargetID = CA9230FF2B5633CC007689D4;
					};
				};
			};
			buildConfigurationList = CA9230FB2B5633CC007689D4 /* Build configuration list for PBXProject "Calculator" */;
			compatibilityVersion = "Xcode 14.0";
			developmentRegion = en;
			hasScannedForEncodings = 0;
			knownRegions = (
				en,
				Base,
			);
			mainGroup = CA9230F72B5633CC007689D4;
			productRefGroup = CA9231012B5633CC007689D4 /* Products */;
			projectDirPath = "";
			projectRoot = "";
			targets = (
				CA9230FF2B5633CC007689D4 /* Calculator */,
				CA9231152B5633CE007689D4 /* CalculatorTests */,
				CA92311F2B5633CE007689D4 /* CalculatorUITests */,
			);
		};
/* End PBXProject section */

/* Begin PBXResourcesBuildPhase section */
		CA9230FE2B5633CC007689D4 /* Resources */ = {
			isa = PBXResourcesBuildPhase;
			buildActionMask = 2147483647;
			files = (
				CA9231422B566512007689D4 /* HorizontalColumn.xib in Resources */,
				CA9231102B5633CD007689D4 /* LaunchScreen.storyboard in Resources */,
				CA92310D2B5633CD007689D4 /* Assets.xcassets in Resources */,
				CA92310B2B5633CC007689D4 /* Main.storyboard in Resources */,
			);
			runOnlyForDeploymentPostprocessing = 0;
		};
		CA9231142B5633CE007689D4 /* Resources */ = {
			isa = PBXResourcesBuildPhase;
			buildActionMask = 2147483647;
			files = (
			);
			runOnlyForDeploymentPostprocessing = 0;
		};
		CA92311E2B5633CE007689D4 /* Resources */ = {
			isa = PBXResourcesBuildPhase;
			buildActionMask = 2147483647;
			files = (
			);
			runOnlyForDeploymentPostprocessing = 0;
		};
/* End PBXResourcesBuildPhase section */

/* Begin PBXSourcesBuildPhase section */
		CA9230FC2B5633CC007689D4 /* Sources */ = {
			isa = PBXSourcesBuildPhase;
			buildActionMask = 2147483647;
			files = (
				CA9231482B566CF5007689D4 /* ViewControllerDelegate.swift in Sources */,
				E4958EB52B5D1070005A990C /* UIView+Extension.swift in Sources */,
				CA9231372B564273007689D4 /* CalculatorButton.swift in Sources */,
				CA9231402B566502007689D4 /* HorizontalColumn.swift in Sources */,
				E4958EBD2B5D8909005A990C /* UIColor+Extension.swift in Sources */,
				CA5C85D82B5A59630020898C /* CalculatorView.swift in Sources */,
				CA6EB09A2B5A64E50001045A /* UIViewController+Extension.swift in Sources */,
				E4958EB72B5D118A005A990C /* FlexLayout.swift in Sources */,
				CA6EB09E2B5A68730001045A /* ResultView.swift in Sources */,
				CA9231502B593214007689D4 /* Formatter+Decimal+Extension.swift in Sources */,
				E4958EB92B5D5844005A990C /* NSLayoutConstraint+Extension.swift in Sources */,
				CA6EB09C2B5A68500001045A /* ButtonView.swift in Sources */,
				CA9231042B5633CC007689D4 /* AppDelegate.swift in Sources */,
				CA6EB0962B5A61B90001045A /* ViewController.swift in Sources */,
				E4958EBB2B5D67B2005A990C /* ButtonRowView.swift in Sources */,
				E4958EB32B5D0E19005A990C /* CalculatorViewController.swift in Sources */,
				CA92314B2B5672D7007689D4 /* Calculator.swift in Sources */,
			);
			runOnlyForDeploymentPostprocessing = 0;
		};
		CA9231122B5633CE007689D4 /* Sources */ = {
			isa = PBXSourcesBuildPhase;
			buildActionMask = 2147483647;
			files = (
				CA92311B2B5633CE007689D4 /* CalculatorTests.swift in Sources */,
			);
			runOnlyForDeploymentPostprocessing = 0;
		};
		CA92311C2B5633CE007689D4 /* Sources */ = {
			isa = PBXSourcesBuildPhase;
			buildActionMask = 2147483647;
			files = (
				CA9231272B5633CE007689D4 /* CalculatorUITestsLaunchTests.swift in Sources */,
				CA9231252B5633CE007689D4 /* CalculatorUITests.swift in Sources */,
			);
			runOnlyForDeploymentPostprocessing = 0;
		};
/* End PBXSourcesBuildPhase section */

/* Begin PBXTargetDependency section */
		CA9231182B5633CE007689D4 /* PBXTargetDependency */ = {
			isa = PBXTargetDependency;
			target = CA9230FF2B5633CC007689D4 /* Calculator */;
			targetProxy = CA9231172B5633CE007689D4 /* PBXContainerItemProxy */;
		};
		CA9231222B5633CE007689D4 /* PBXTargetDependency */ = {
			isa = PBXTargetDependency;
			target = CA9230FF2B5633CC007689D4 /* Calculator */;
			targetProxy = CA9231212B5633CE007689D4 /* PBXContainerItemProxy */;
		};
/* End PBXTargetDependency section */

/* Begin PBXVariantGroup section */
		CA9231092B5633CC007689D4 /* Main.storyboard */ = {
			isa = PBXVariantGroup;
			children = (
				CA92310A2B5633CC007689D4 /* Base */,
			);
			name = Main.storyboard;
			sourceTree = "<group>";
		};
		CA92310E2B5633CD007689D4 /* LaunchScreen.storyboard */ = {
			isa = PBXVariantGroup;
			children = (
				CA92310F2B5633CD007689D4 /* Base */,
			);
			name = LaunchScreen.storyboard;
			sourceTree = "<group>";
		};
/* End PBXVariantGroup section */

/* Begin XCBuildConfiguration section */
		CA9231282B5633CE007689D4 /* Debug */ = {
			isa = XCBuildConfiguration;
			buildSettings = {
				ALWAYS_SEARCH_USER_PATHS = NO;
				ASSETCATALOG_COMPILER_GENERATE_SWIFT_ASSET_SYMBOL_EXTENSIONS = YES;
				CLANG_ANALYZER_NONNULL = YES;
				CLANG_ANALYZER_NUMBER_OBJECT_CONVERSION = YES_AGGRESSIVE;
				CLANG_CXX_LANGUAGE_STANDARD = "gnu++20";
				CLANG_ENABLE_MODULES = YES;
				CLANG_ENABLE_OBJC_ARC = YES;
				CLANG_ENABLE_OBJC_WEAK = YES;
				CLANG_WARN_BLOCK_CAPTURE_AUTORELEASING = YES;
				CLANG_WARN_BOOL_CONVERSION = YES;
				CLANG_WARN_COMMA = YES;
				CLANG_WARN_CONSTANT_CONVERSION = YES;
				CLANG_WARN_DEPRECATED_OBJC_IMPLEMENTATIONS = YES;
				CLANG_WARN_DIRECT_OBJC_ISA_USAGE = YES_ERROR;
				CLANG_WARN_DOCUMENTATION_COMMENTS = YES;
				CLANG_WARN_EMPTY_BODY = YES;
				CLANG_WARN_ENUM_CONVERSION = YES;
				CLANG_WARN_INFINITE_RECURSION = YES;
				CLANG_WARN_INT_CONVERSION = YES;
				CLANG_WARN_NON_LITERAL_NULL_CONVERSION = YES;
				CLANG_WARN_OBJC_IMPLICIT_RETAIN_SELF = YES;
				CLANG_WARN_OBJC_LITERAL_CONVERSION = YES;
				CLANG_WARN_OBJC_ROOT_CLASS = YES_ERROR;
				CLANG_WARN_QUOTED_INCLUDE_IN_FRAMEWORK_HEADER = YES;
				CLANG_WARN_RANGE_LOOP_ANALYSIS = YES;
				CLANG_WARN_STRICT_PROTOTYPES = YES;
				CLANG_WARN_SUSPICIOUS_MOVE = YES;
				CLANG_WARN_UNGUARDED_AVAILABILITY = YES_AGGRESSIVE;
				CLANG_WARN_UNREACHABLE_CODE = YES;
				CLANG_WARN__DUPLICATE_METHOD_MATCH = YES;
				COPY_PHASE_STRIP = NO;
				DEBUG_INFORMATION_FORMAT = dwarf;
				ENABLE_STRICT_OBJC_MSGSEND = YES;
				ENABLE_TESTABILITY = YES;
				ENABLE_USER_SCRIPT_SANDBOXING = YES;
				GCC_C_LANGUAGE_STANDARD = gnu17;
				GCC_DYNAMIC_NO_PIC = NO;
				GCC_NO_COMMON_BLOCKS = YES;
				GCC_OPTIMIZATION_LEVEL = 0;
				GCC_PREPROCESSOR_DEFINITIONS = (
					"DEBUG=1",
					"$(inherited)",
				);
				GCC_WARN_64_TO_32_BIT_CONVERSION = YES;
				GCC_WARN_ABOUT_RETURN_TYPE = YES_ERROR;
				GCC_WARN_UNDECLARED_SELECTOR = YES;
				GCC_WARN_UNINITIALIZED_AUTOS = YES_AGGRESSIVE;
				GCC_WARN_UNUSED_FUNCTION = YES;
				GCC_WARN_UNUSED_VARIABLE = YES;
				IPHONEOS_DEPLOYMENT_TARGET = 17.2;
				LOCALIZATION_PREFERS_STRING_CATALOGS = YES;
				MTL_ENABLE_DEBUG_INFO = INCLUDE_SOURCE;
				MTL_FAST_MATH = YES;
				ONLY_ACTIVE_ARCH = YES;
				SDKROOT = iphoneos;
				SWIFT_ACTIVE_COMPILATION_CONDITIONS = "DEBUG $(inherited)";
				SWIFT_OPTIMIZATION_LEVEL = "-Onone";
			};
			name = Debug;
		};
		CA9231292B5633CE007689D4 /* Release */ = {
			isa = XCBuildConfiguration;
			buildSettings = {
				ALWAYS_SEARCH_USER_PATHS = NO;
				ASSETCATALOG_COMPILER_GENERATE_SWIFT_ASSET_SYMBOL_EXTENSIONS = YES;
				CLANG_ANALYZER_NONNULL = YES;
				CLANG_ANALYZER_NUMBER_OBJECT_CONVERSION = YES_AGGRESSIVE;
				CLANG_CXX_LANGUAGE_STANDARD = "gnu++20";
				CLANG_ENABLE_MODULES = YES;
				CLANG_ENABLE_OBJC_ARC = YES;
				CLANG_ENABLE_OBJC_WEAK = YES;
				CLANG_WARN_BLOCK_CAPTURE_AUTORELEASING = YES;
				CLANG_WARN_BOOL_CONVERSION = YES;
				CLANG_WARN_COMMA = YES;
				CLANG_WARN_CONSTANT_CONVERSION = YES;
				CLANG_WARN_DEPRECATED_OBJC_IMPLEMENTATIONS = YES;
				CLANG_WARN_DIRECT_OBJC_ISA_USAGE = YES_ERROR;
				CLANG_WARN_DOCUMENTATION_COMMENTS = YES;
				CLANG_WARN_EMPTY_BODY = YES;
				CLANG_WARN_ENUM_CONVERSION = YES;
				CLANG_WARN_INFINITE_RECURSION = YES;
				CLANG_WARN_INT_CONVERSION = YES;
				CLANG_WARN_NON_LITERAL_NULL_CONVERSION = YES;
				CLANG_WARN_OBJC_IMPLICIT_RETAIN_SELF = YES;
				CLANG_WARN_OBJC_LITERAL_CONVERSION = YES;
				CLANG_WARN_OBJC_ROOT_CLASS = YES_ERROR;
				CLANG_WARN_QUOTED_INCLUDE_IN_FRAMEWORK_HEADER = YES;
				CLANG_WARN_RANGE_LOOP_ANALYSIS = YES;
				CLANG_WARN_STRICT_PROTOTYPES = YES;
				CLANG_WARN_SUSPICIOUS_MOVE = YES;
				CLANG_WARN_UNGUARDED_AVAILABILITY = YES_AGGRESSIVE;
				CLANG_WARN_UNREACHABLE_CODE = YES;
				CLANG_WARN__DUPLICATE_METHOD_MATCH = YES;
				COPY_PHASE_STRIP = NO;
				DEBUG_INFORMATION_FORMAT = "dwarf-with-dsym";
				ENABLE_NS_ASSERTIONS = NO;
				ENABLE_STRICT_OBJC_MSGSEND = YES;
				ENABLE_USER_SCRIPT_SANDBOXING = YES;
				GCC_C_LANGUAGE_STANDARD = gnu17;
				GCC_NO_COMMON_BLOCKS = YES;
				GCC_WARN_64_TO_32_BIT_CONVERSION = YES;
				GCC_WARN_ABOUT_RETURN_TYPE = YES_ERROR;
				GCC_WARN_UNDECLARED_SELECTOR = YES;
				GCC_WARN_UNINITIALIZED_AUTOS = YES_AGGRESSIVE;
				GCC_WARN_UNUSED_FUNCTION = YES;
				GCC_WARN_UNUSED_VARIABLE = YES;
				IPHONEOS_DEPLOYMENT_TARGET = 17.2;
				LOCALIZATION_PREFERS_STRING_CATALOGS = YES;
				MTL_ENABLE_DEBUG_INFO = NO;
				MTL_FAST_MATH = YES;
				SDKROOT = iphoneos;
				SWIFT_COMPILATION_MODE = wholemodule;
				VALIDATE_PRODUCT = YES;
			};
			name = Release;
		};
		CA92312B2B5633CE007689D4 /* Debug */ = {
			isa = XCBuildConfiguration;
			buildSettings = {
				ASSETCATALOG_COMPILER_APPICON_NAME = AppIcon;
				ASSETCATALOG_COMPILER_GLOBAL_ACCENT_COLOR_NAME = AccentColor;
				CODE_SIGN_IDENTITY = "Apple Development";
				CODE_SIGN_STYLE = Automatic;
				CURRENT_PROJECT_VERSION = 1;
				DEVELOPMENT_TEAM = B4SP5642W3;
				GENERATE_INFOPLIST_FILE = YES;
				INFOPLIST_FILE = Calculator/Info.plist;
				INFOPLIST_KEY_UIApplicationSupportsIndirectInputEvents = YES;
				INFOPLIST_KEY_UILaunchStoryboardName = LaunchScreen;
				INFOPLIST_KEY_UIMainStoryboardFile = Main;
				INFOPLIST_KEY_UISupportedInterfaceOrientations_iPad = "UIInterfaceOrientationPortrait UIInterfaceOrientationPortraitUpsideDown UIInterfaceOrientationLandscapeLeft UIInterfaceOrientationLandscapeRight";
				INFOPLIST_KEY_UISupportedInterfaceOrientations_iPhone = "UIInterfaceOrientationPortrait UIInterfaceOrientationLandscapeLeft UIInterfaceOrientationLandscapeRight";
				IPHONEOS_DEPLOYMENT_TARGET = 12.0;
				LD_RUNPATH_SEARCH_PATHS = (
					"$(inherited)",
					"@executable_path/Frameworks",
				);
				MARKETING_VERSION = 1.0;
				PRODUCT_BUNDLE_IDENTIFIER = AppCalculator;
				PRODUCT_NAME = "$(TARGET_NAME)";
				PROVISIONING_PROFILE_SPECIFIER = "";
				SWIFT_EMIT_LOC_STRINGS = YES;
				SWIFT_VERSION = 5.0;
				TARGETED_DEVICE_FAMILY = "1,2";
			};
			name = Debug;
		};
		CA92312C2B5633CE007689D4 /* Release */ = {
			isa = XCBuildConfiguration;
			buildSettings = {
				ASSETCATALOG_COMPILER_APPICON_NAME = AppIcon;
				ASSETCATALOG_COMPILER_GLOBAL_ACCENT_COLOR_NAME = AccentColor;
				CODE_SIGN_IDENTITY = "Apple Development";
				CODE_SIGN_STYLE = Automatic;
				CURRENT_PROJECT_VERSION = 1;
				DEVELOPMENT_TEAM = B4SP5642W3;
				GENERATE_INFOPLIST_FILE = YES;
				INFOPLIST_FILE = Calculator/Info.plist;
				INFOPLIST_KEY_UIApplicationSupportsIndirectInputEvents = YES;
				INFOPLIST_KEY_UILaunchStoryboardName = LaunchScreen;
				INFOPLIST_KEY_UIMainStoryboardFile = Main;
				INFOPLIST_KEY_UISupportedInterfaceOrientations_iPad = "UIInterfaceOrientationPortrait UIInterfaceOrientationPortraitUpsideDown UIInterfaceOrientationLandscapeLeft UIInterfaceOrientationLandscapeRight";
				INFOPLIST_KEY_UISupportedInterfaceOrientations_iPhone = "UIInterfaceOrientationPortrait UIInterfaceOrientationLandscapeLeft UIInterfaceOrientationLandscapeRight";
				IPHONEOS_DEPLOYMENT_TARGET = 12.0;
				LD_RUNPATH_SEARCH_PATHS = (
					"$(inherited)",
					"@executable_path/Frameworks",
				);
				MARKETING_VERSION = 1.0;
				PRODUCT_BUNDLE_IDENTIFIER = AppCalculator;
				PRODUCT_NAME = "$(TARGET_NAME)";
				PROVISIONING_PROFILE_SPECIFIER = "";
				SWIFT_EMIT_LOC_STRINGS = YES;
				SWIFT_VERSION = 5.0;
				TARGETED_DEVICE_FAMILY = "1,2";
			};
			name = Release;
		};
		CA92312E2B5633CE007689D4 /* Debug */ = {
			isa = XCBuildConfiguration;
			buildSettings = {
				ALWAYS_EMBED_SWIFT_STANDARD_LIBRARIES = YES;
				BUNDLE_LOADER = "$(TEST_HOST)";
				CODE_SIGN_STYLE = Automatic;
				CURRENT_PROJECT_VERSION = 1;
				GENERATE_INFOPLIST_FILE = YES;
				IPHONEOS_DEPLOYMENT_TARGET = 17.2;
				MARKETING_VERSION = 1.0;
				PRODUCT_BUNDLE_IDENTIFIER = com.calculator.CalculatorTests;
				PRODUCT_NAME = "$(TARGET_NAME)";
				SWIFT_EMIT_LOC_STRINGS = NO;
				SWIFT_VERSION = 5.0;
				TARGETED_DEVICE_FAMILY = "1,2";
				TEST_HOST = "$(BUILT_PRODUCTS_DIR)/Calculator.app/$(BUNDLE_EXECUTABLE_FOLDER_PATH)/Calculator";
			};
			name = Debug;
		};
		CA92312F2B5633CE007689D4 /* Release */ = {
			isa = XCBuildConfiguration;
			buildSettings = {
				ALWAYS_EMBED_SWIFT_STANDARD_LIBRARIES = YES;
				BUNDLE_LOADER = "$(TEST_HOST)";
				CODE_SIGN_STYLE = Automatic;
				CURRENT_PROJECT_VERSION = 1;
				GENERATE_INFOPLIST_FILE = YES;
				IPHONEOS_DEPLOYMENT_TARGET = 17.2;
				MARKETING_VERSION = 1.0;
				PRODUCT_BUNDLE_IDENTIFIER = com.calculator.CalculatorTests;
				PRODUCT_NAME = "$(TARGET_NAME)";
				SWIFT_EMIT_LOC_STRINGS = NO;
				SWIFT_VERSION = 5.0;
				TARGETED_DEVICE_FAMILY = "1,2";
				TEST_HOST = "$(BUILT_PRODUCTS_DIR)/Calculator.app/$(BUNDLE_EXECUTABLE_FOLDER_PATH)/Calculator";
			};
			name = Release;
		};
		CA9231312B5633CE007689D4 /* Debug */ = {
			isa = XCBuildConfiguration;
			buildSettings = {
				ALWAYS_EMBED_SWIFT_STANDARD_LIBRARIES = YES;
				CODE_SIGN_STYLE = Automatic;
				CURRENT_PROJECT_VERSION = 1;
				GENERATE_INFOPLIST_FILE = YES;
				MARKETING_VERSION = 1.0;
				PRODUCT_BUNDLE_IDENTIFIER = com.calculator.CalculatorUITests;
				PRODUCT_NAME = "$(TARGET_NAME)";
				SWIFT_EMIT_LOC_STRINGS = NO;
				SWIFT_VERSION = 5.0;
				TARGETED_DEVICE_FAMILY = "1,2";
				TEST_TARGET_NAME = Calculator;
			};
			name = Debug;
		};
		CA9231322B5633CE007689D4 /* Release */ = {
			isa = XCBuildConfiguration;
			buildSettings = {
				ALWAYS_EMBED_SWIFT_STANDARD_LIBRARIES = YES;
				CODE_SIGN_STYLE = Automatic;
				CURRENT_PROJECT_VERSION = 1;
				GENERATE_INFOPLIST_FILE = YES;
				MARKETING_VERSION = 1.0;
				PRODUCT_BUNDLE_IDENTIFIER = com.calculator.CalculatorUITests;
				PRODUCT_NAME = "$(TARGET_NAME)";
				SWIFT_EMIT_LOC_STRINGS = NO;
				SWIFT_VERSION = 5.0;
				TARGETED_DEVICE_FAMILY = "1,2";
				TEST_TARGET_NAME = Calculator;
			};
			name = Release;
		};
/* End XCBuildConfiguration section */

/* Begin XCConfigurationList section */
		CA9230FB2B5633CC007689D4 /* Build configuration list for PBXProject "Calculator" */ = {
			isa = XCConfigurationList;
			buildConfigurations = (
				CA9231282B5633CE007689D4 /* Debug */,
				CA9231292B5633CE007689D4 /* Release */,
			);
			defaultConfigurationIsVisible = 0;
			defaultConfigurationName = Release;
		};
		CA92312A2B5633CE007689D4 /* Build configuration list for PBXNativeTarget "Calculator" */ = {
			isa = XCConfigurationList;
			buildConfigurations = (
				CA92312B2B5633CE007689D4 /* Debug */,
				CA92312C2B5633CE007689D4 /* Release */,
			);
			defaultConfigurationIsVisible = 0;
			defaultConfigurationName = Release;
		};
		CA92312D2B5633CE007689D4 /* Build configuration list for PBXNativeTarget "CalculatorTests" */ = {
			isa = XCConfigurationList;
			buildConfigurations = (
				CA92312E2B5633CE007689D4 /* Debug */,
				CA92312F2B5633CE007689D4 /* Release */,
			);
			defaultConfigurationIsVisible = 0;
			defaultConfigurationName = Release;
		};
		CA9231302B5633CE007689D4 /* Build configuration list for PBXNativeTarget "CalculatorUITests" */ = {
			isa = XCConfigurationList;
			buildConfigurations = (
				CA9231312B5633CE007689D4 /* Debug */,
				CA9231322B5633CE007689D4 /* Release */,
			);
			defaultConfigurationIsVisible = 0;
			defaultConfigurationName = Release;
		};
/* End XCConfigurationList section */
	};
	rootObject = CA9230F82B5633CC007689D4 /* Project object */;
}
